
Microsoft Visual Studio Solution File, Format Version 12.00
# Visual Studio Version 17
VisualStudioVersion = 17.8.34322.80
MinimumVisualStudioVersion = 10.0.40219.1
Project("{FAE04EC0-301F-11D3-BF4B-00C04F79EFBC}") = "Programa-1", "Programa-1\Programa-1.csproj", "{5BB06C7B-2A25-4056-A282-34A36C269F2F}"
EndProject
Global
	GlobalSection(SolutionConfigurationPlatforms) = preSolution
		Debug|Any CPU = Debug|Any CPU
		Release|Any CPU = Release|Any CPU
	EndGlobalSection
	GlobalSection(ProjectConfigurationPlatforms) = postSolution
		{5BB06C7B-2A25-4056-A282-34A36C269F2F}.Debug|Any CPU.ActiveCfg = Debug|Any CPU
		{5BB06C7B-2A25-4056-A282-34A36C269F2F}.Debug|Any CPU.Build.0 = Debug|Any CPU
		{5BB06C7B-2A25-4056-A282-34A36C269F2F}.Release|Any CPU.ActiveCfg = Release|Any CPU
		{5BB06C7B-2A25-4056-A282-34A36C269F2F}.Release|Any CPU.Build.0 = Release|Any CPU
	EndGlobalSection
	GlobalSection(SolutionProperties) = preSolution
		HideSolutionNode = FALSE
	EndGlobalSection
	GlobalSection(ExtensibilityGlobals) = postSolution
		SolutionGuid = {BC46D7E0-8466-41FC-BA1C-4AD231DCBFED}
	EndGlobalSection
EndGlobal
